{
  "_meta": {
    "hash": {
      "sha256": "c65d8746ed4b0569bfe9fd16dc6a6dbb3f48e668b25775fd7d0db480e96e0444"
    },
    "pipfile-spec": 6,
    "requires": {
      "python_version": "3.7"
    },
    "sources": [
      {
        "name": "pypi",
        "url": "https://pypi.org/simple",
        "verify_ssl": true
      }
    ]
  },
  "default": {
    "asgiref": {
      "hashes": [
        "sha256:7e51911ee147dd685c3c8b805c0ad0cb58d360987b56953878f8c06d2d1c6f1a",
        "sha256:9fc6fb5d39b8af147ba40765234fa822b39818b12cc80b35ad9b0cef3a476aed"
      ],
      "markers": "python_version >= '3.5'",
      "version": "==3.2.10"
    },
    "astroid": {
      "hashes": [
        "sha256:6560e1e1749f68c64a4b5dee4e091fce798d2f0d84ebe638cf0e0585a343acf4",
        "sha256:b65db1bbaac9f9f4d190199bb8680af6f6f84fd3769a5ea883df8a91fe68b4c4"
      ],
      "index": "pypi",
      "version": "==2.2.5"
    },
    "awsebcli": {
      "hashes": [
        "sha256:35fc8417a37c9234789947d40b6f66b49a115d06d0dd9f6ce0bebd617df60202"
      ],
      "index": "pypi",
      "version": "==3.19.0"
    },
    "botocore": {
      "hashes": [
        "sha256:40f13f6c9c29c307a9dc5982739e537ddce55b29787b90c3447b507e3283bcd6",
        "sha256:aa88eafc6295132f4bc606f1df32b3248e0fa611724c0a216aceda767948ac75"
      ],
      "version": "==1.17.63"
    },
    "cement": {
      "hashes": [
        "sha256:8765ed052c061d74e4d0189addc33d268de544ca219b259d797741f725e422d2"
      ],
      "version": "==2.8.2"
    },
    "certifi": {
      "hashes": [
        "sha256:5930595817496dd21bb8dc35dad090f1c2cd0adfaf21204bf6732ca5d8ee34d3",
        "sha256:8fc0819f1f30ba15bdb34cceffb9ef04d99f420f68eb75d901e9560b8749fc41"
      ],
      "version": "==2020.6.20"
    },
    "chardet": {
      "hashes": [
        "sha256:84ab92ed1c4d4f16916e05906b6b75a6c0fb5db821cc65e70cbd64a3e2a5eaae",
        "sha256:fc323ffcaeaed0e0a02bf4d117757b98aed530d9ed4531e3e15460124c106691"
      ],
      "version": "==3.0.4"
    },
    "colorama": {
      "hashes": [
        "sha256:7d73d2a99753107a36ac6b455ee49046802e59d9d076ef8e47b61499fa29afff",
        "sha256:e96da0d330793e2cb9485e9ddfd918d456036c7149416295932478192f4436a1"
      ],
      "index": "pypi",
      "markers": "sys_platform != 'fake'",
      "version": "==0.4.3"
    },
    "comtypes": {
      "hashes": [
        "sha256:c9d59f57d559613940f22da54d70add066faa23b4fa9b5cd95facdc501a63b0b"
      ],
      "index": "pypi",
      "version": "==1.1.7"
    },
    "cssselect2": {
      "hashes": [
        "sha256:5c2716f06b5de93f701d5755a9666f2ee22cbcd8b4da8adddfc30095ffea3abc",
        "sha256:97d7d4234f846f9996d838964d38e13b45541c18143bc55cf00e4bc1281ace76"
      ],
      "markers": "python_version >= '3.5'",
      "version": "==0.3.0"
    },
    "csvimporter": {
      "hashes": [
        "sha256:d8f8989cdf1e054bb3df835b3880fbb7072e5572223ff5e18476ba1d6eca3e8e"
      ],
      "index": "pypi",
      "version": "==0.1.3.2"
    },
    "dj-database-url": {
      "hashes": [
        "sha256:4aeaeb1f573c74835b0686a2b46b85990571159ffc21aa57ecd4d1e1cb334163",
        "sha256:851785365761ebe4994a921b433062309eb882fedd318e1b0fcecc607ed02da9"
      ],
      "index": "pypi",
      "version": "==0.5.0"
    },
    "django": {
      "hashes": [
        "sha256:59c8125ca873ed3bdae9c12b146fbbd6ed8d0f743e4cf5f5817af50c51f1fc2f",
        "sha256:b5fbb818e751f660fa2d576d9f40c34a4c615c8b48dd383f5216e609f383371f"
      ],
      "index": "pypi",
      "version": "==3.1.1"
    },
    "django-cors-headers": {
      "hashes": [
        "sha256:9322255c296d5f75089571f29e520c83ff9693df17aa3cf9f6a4bea7c6740169",
        "sha256:db82b2840f667d47872ae3e4a4e0a0d72fbecb42779b8aa233fa8bb965f7836a"
      ],
      "index": "pypi",
      "version": "==3.5.0"
    },
    "django-debug-toolbar": {
      "hashes": [
        "sha256:eabbefe89881bbe4ca7c980ff102e3c35c8e8ad6eb725041f538988f2f39a943",
        "sha256:ff94725e7aae74b133d0599b9bf89bd4eb8f5d2c964106e61d11750228c8774c"
      ],
      "index": "pypi",
      "version": "==2.2"
    },
    "django-robots-txt": {
      "hashes": [
        "sha256:2f68cd0ec4b0a096d5fb47d49df25436828fa4656f1dafd655a1cfd66d053981"
      ],
      "index": "pypi",
      "version": "==0.4"
    },
    "djangorestframework": {
      "hashes": [
        "sha256:6dd02d5a4bd2516fb93f80360673bf540c3b6641fec8766b1da2870a5aa00b32",
        "sha256:8b1ac62c581dbc5799b03e535854b92fc4053ecfe74bad3f9c05782063d4196b"
      ],
      "index": "pypi",
      "version": "==3.11.1"
    },
    "docutils": {
      "hashes": [
        "sha256:6c4f696463b79f1fb8ba0c594b63840ebd41f059e92b31957c46b74a4599b6d0",
        "sha256:9e4d7ecfc600058e07ba661411a2b7de2fd0fafa17d1a7f7361cd47b1175c827",
        "sha256:a2aeea129088da402665e92e0b25b04b073c04b2dce4ab65caaa38b7ce2e1a99"
      ],
      "markers": "python_version >= '2.6' and python_version not in '3.0, 3.1, 3.2, 3.3'",
      "version": "==0.15.2"
    },
    "future": {
      "hashes": [
        "sha256:e39ced1ab767b5936646cedba8bcce582398233d6a627067d4c6a454c90cfedb"
      ],
      "version": "==0.16.0"
    },
    "gunicorn": {
      "hashes": [
        "sha256:1904bb2b8a43658807108d59c3f3d56c2b6121a701161de0ddf9ad140073c626",
        "sha256:cd4a810dd51bf497552cf3f863b575dabd73d6ad6a91075b65936b151cbf4f9c"
      ],
      "index": "pypi",
      "version": "==20.0.4"
    },
    "idna": {
      "hashes": [
        "sha256:156a6814fb5ac1fc6850fb002e0852d56c0c8d2531923a51032d1b70760e186e",
        "sha256:684a38a6f903c1d71d6d5fac066b58d7768af4de2b832e426ec79c30daa94a16"
      ],
      "version": "==2.7"
    },
    "isort": {
      "hashes": [
        "sha256:54da7e92468955c4fceacd0c86bd0ec997b0e1ee80d97f67c35a78b719dccab1",
        "sha256:6e811fcb295968434526407adb8796944f1988c5b65e8139058f2014cbe100fd"
      ],
      "markers": "python_version >= '2.7' and python_version not in '3.0, 3.1, 3.2, 3.3'",
      "version": "==4.3.21"
    },
    "jmespath": {
      "hashes": [
        "sha256:b85d0567b8666149a93172712e68920734333c0ce7e89b78b3e987f71e5ed4f9",
        "sha256:cdf6525904cc597730141d61b36f2e4b8ecc257c420fa2f4549bac2c2d0cb72f"
      ],
      "markers": "python_version >= '2.6' and python_version not in '3.0, 3.1, 3.2, 3.3'",
      "version": "==0.10.0"
    },
    "lazy-object-proxy": {
      "hashes": [
        "sha256:00b78a97a79d0dfefa584d44dd1aba9668d3de7ec82335ba0ff51d53ef107143",
        "sha256:042b54fd71c2092e6d10e5e66fa60f65c5954f8145e809f5d9f394c9b13d32ee",
        "sha256:11f87dc06eb5f376cc6d5f0c19a1b4dca202035622777c4ce8e5b72c87b035d6",
        "sha256:19ae6f6511a02008ef3554e158c41bb2a8e5c8455935b98d6da076d9f152fd7c",
        "sha256:22c1935c6f8e3d6ea2e169eb03928adbdb8a2251d2890f8689368d65e70aa176",
        "sha256:30ef2068f4f94660144515380ef04b93d15add2214eab8be4cd46ebc900d681c",
        "sha256:33da47ba3a581860ddd3d38c950a5fe950ca389f7123edd0d6ab0bc473499fe7",
        "sha256:3e8698dc384857413580012f4ca322d89e63ef20fc3d4635a5b606d6d4b61f6a",
        "sha256:4fdd7113fc5143c72dacf415079eec42fcbe69cc9d3d291b4ca742e3a9455807",
        "sha256:63b6d9a5077d54db271fcc6772440f7380ec3fa559d0e2497dbfae2f47c2c814",
        "sha256:8133b63b05f12751cddd8e3e7f02ba39dc7cfa7d2ba99d80d7436f0ba26d6b75",
        "sha256:89b8e5780e49753e2b4cd5aab45d3df092ddcbba3de2c4d4492a029588fe1758",
        "sha256:8d82e27cbbea6edb8821751806f39f5dcfd7b46a5e23d27b98d6d8c8ec751df8",
        "sha256:92cedd6e26712505adb1c17fab64651a498cc0102a80ba562ff4a2451088f57a",
        "sha256:9723364577b79ad9958a68851fe2acb94da6fd25170c595516a8289e6a129043",
        "sha256:c484020ad26973a14a7cb1e1d2e0bfe97cf6803273ae9bd154e0213cc74bad49",
        "sha256:c697bd1b333b3e6abdff04ef9f5fb4b1936633d9cc4e28d90606705c9083254c",
        "sha256:d0f7e14ff3424639d33e6bc449e77e4b345e52c21bbd6f6004a1d219196e2664",
        "sha256:db2df3eff7ed3e6813638686f1bb5934d1a0662d9d3b4196b5164a86be3a1e8f",
        "sha256:edbcb4c5efabd93ede05b272296a5a78a67e9b6e82ba7f51a07b8103db06ce01",
        "sha256:ef355fb3802e0fc5a71dadb65a3c317bfc9bdf567d357f8e0b1900b432ffe486",
        "sha256:fe2f61fed5817bf8db01d9a72309ed5990c478a077e9585b58740c26774bce39"
      ],
      "markers": "python_version >= '2.7' and python_version not in '3.0, 3.1, 3.2, 3.3, 3.4'",
      "version": "==1.5.1"
    },
    "lxml": {
      "hashes": [
        "sha256:05a444b207901a68a6526948c7cc8f9fe6d6f24c70781488e32fd74ff5996e3f",
        "sha256:08fc93257dcfe9542c0a6883a25ba4971d78297f63d7a5a26ffa34861ca78730",
        "sha256:107781b213cf7201ec3806555657ccda67b1fccc4261fb889ef7fc56976db81f",
        "sha256:121b665b04083a1e85ff1f5243d4a93aa1aaba281bc12ea334d5a187278ceaf1",
        "sha256:1fa21263c3aba2b76fd7c45713d4428dbcc7644d73dcf0650e9d344e433741b3",
        "sha256:2b30aa2bcff8e958cd85d907d5109820b01ac511eae5b460803430a7404e34d7",
        "sha256:4b4a111bcf4b9c948e020fd207f915c24a6de3f1adc7682a2d92660eb4e84f1a",
        "sha256:5591c4164755778e29e69b86e425880f852464a21c7bb53c7ea453bbe2633bbe",
        "sha256:59daa84aef650b11bccd18f99f64bfe44b9f14a08a28259959d33676554065a1",
        "sha256:5a9c8d11aa2c8f8b6043d845927a51eb9102eb558e3f936df494e96393f5fd3e",
        "sha256:5dd20538a60c4cc9a077d3b715bb42307239fcd25ef1ca7286775f95e9e9a46d",
        "sha256:74f48ec98430e06c1fa8949b49ebdd8d27ceb9df8d3d1c92e1fdc2773f003f20",
        "sha256:786aad2aa20de3dbff21aab86b2fb6a7be68064cbbc0219bde414d3a30aa47ae",
        "sha256:7ad7906e098ccd30d8f7068030a0b16668ab8aa5cda6fcd5146d8d20cbaa71b5",
        "sha256:80a38b188d20c0524fe8959c8ce770a8fdf0e617c6912d23fc97c68301bb9aba",
        "sha256:8f0ec6b9b3832e0bd1d57af41f9238ea7709bbd7271f639024f2fc9d3bb01293",
        "sha256:92282c83547a9add85ad658143c76a64a8d339028926d7dc1998ca029c88ea6a",
        "sha256:94150231f1e90c9595ccc80d7d2006c61f90a5995db82bccbca7944fd457f0f6",
        "sha256:9dc9006dcc47e00a8a6a029eb035c8f696ad38e40a27d073a003d7d1443f5d88",
        "sha256:a76979f728dd845655026ab991df25d26379a1a8fc1e9e68e25c7eda43004bed",
        "sha256:aa8eba3db3d8761db161003e2d0586608092e217151d7458206e243be5a43843",
        "sha256:bea760a63ce9bba566c23f726d72b3c0250e2fa2569909e2d83cda1534c79443",
        "sha256:c3f511a3c58676147c277eff0224c061dd5a6a8e1373572ac817ac6324f1b1e0",
        "sha256:c9d317efde4bafbc1561509bfa8a23c5cab66c44d49ab5b63ff690f5159b2304",
        "sha256:cc411ad324a4486b142c41d9b2b6a722c534096963688d879ea6fa8a35028258",
        "sha256:cdc13a1682b2a6241080745b1953719e7fe0850b40a5c71ca574f090a1391df6",
        "sha256:cfd7c5dd3c35c19cec59c63df9571c67c6d6e5c92e0fe63517920e97f61106d1",
        "sha256:e1cacf4796b20865789083252186ce9dc6cc59eca0c2e79cca332bdff24ac481",
        "sha256:e70d4e467e243455492f5de463b72151cc400710ac03a0678206a5f27e79ddef",
        "sha256:ecc930ae559ea8a43377e8b60ca6f8d61ac532fc57efb915d899de4a67928efd",
        "sha256:f161af26f596131b63b236372e4ce40f3167c1b5b5d459b29d2514bd8c9dc9ee"
      ],
      "markers": "python_version >= '2.7' and python_version not in '3.0, 3.1, 3.2, 3.3, 3.4'",
      "version": "==4.5.2"
    },
    "mccabe": {
      "hashes": [
        "sha256:ab8a6258860da4b6677da4bd2fe5dc2c659cff31b3ee4f7f5d64e79735b80d42",
        "sha256:dd8d182285a0fe56bace7f45b5e7d1a6ebcbf524e8f3bd87eb0f125271b8831f"
      ],
      "version": "==0.6.1"
    },
    "pathspec": {
      "hashes": [
        "sha256:54a5eab895d89f342b52ba2bffe70930ef9f8d96e398cccf530d21fa0516a873"
      ],
      "version": "==0.5.9"
    },
    "pdf417": {
      "hashes": [
        "sha256:ef04f78044891d88423073480e4d091554e95a316a8e5581c9d7aa5832b42595"
      ],
      "index": "pypi",
      "version": "==0.8.0"
    },
    "pdfrw": {
      "hashes": [
        "sha256:0dc0494a0e6561b268542b28ede2280387c2728114f117d3bb5d8e4787b93ef4",
        "sha256:758289edaa3b672e9a1a67504be73c18ec668d4e5b9d5ac9cbc0dc753d8d196b"
      ],
      "index": "pypi",
      "version": "==0.4"
    },
    "pillow": {
      "hashes": [
        "sha256:0295442429645fa16d05bd567ef5cff178482439c9aad0411d3f0ce9b88b3a6f",
        "sha256:06aba4169e78c439d528fdeb34762c3b61a70813527a2c57f0540541e9f433a8",
        "sha256:09d7f9e64289cb40c2c8d7ad674b2ed6105f55dc3b09aa8e4918e20a0311e7ad",
        "sha256:0a80dd307a5d8440b0a08bd7b81617e04d870e40a3e46a32d9c246e54705e86f",
        "sha256:1ca594126d3c4def54babee699c055a913efb01e106c309fa6b04405d474d5ae",
        "sha256:25930fadde8019f374400f7986e8404c8b781ce519da27792cbe46eabec00c4d",
        "sha256:431b15cffbf949e89df2f7b48528be18b78bfa5177cb3036284a5508159492b5",
        "sha256:52125833b070791fcb5710fabc640fc1df07d087fc0c0f02d3661f76c23c5b8b",
        "sha256:5e51ee2b8114def244384eda1c82b10e307ad9778dac5c83fb0943775a653cd8",
        "sha256:612cfda94e9c8346f239bf1a4b082fdd5c8143cf82d685ba2dba76e7adeeb233",
        "sha256:6d7741e65835716ceea0fd13a7d0192961212fd59e741a46bbed7a473c634ed6",
        "sha256:6edb5446f44d901e8683ffb25ebdfc26988ee813da3bf91e12252b57ac163727",
        "sha256:725aa6cfc66ce2857d585f06e9519a1cc0ef6d13f186ff3447ab6dff0a09bc7f",
        "sha256:8dad18b69f710bf3a001d2bf3afab7c432785d94fcf819c16b5207b1cfd17d38",
        "sha256:94cf49723928eb6070a892cb39d6c156f7b5a2db4e8971cb958f7b6b104fb4c4",
        "sha256:97f9e7953a77d5a70f49b9a48da7776dc51e9b738151b22dacf101641594a626",
        "sha256:9ad7f865eebde135d526bb3163d0b23ffff365cf87e767c649550964ad72785d",
        "sha256:9c87ef410a58dd54b92424ffd7e28fd2ec65d2f7fc02b76f5e9b2067e355ebf6",
        "sha256:a060cf8aa332052df2158e5a119303965be92c3da6f2d93b6878f0ebca80b2f6",
        "sha256:c79f9c5fb846285f943aafeafda3358992d64f0ef58566e23484132ecd8d7d63",
        "sha256:c92302a33138409e8f1ad16731568c55c9053eee71bb05b6b744067e1b62380f",
        "sha256:d08b23fdb388c0715990cbc06866db554e1822c4bdcf6d4166cf30ac82df8c41",
        "sha256:d350f0f2c2421e65fbc62690f26b59b0bcda1b614beb318c81e38647e0f673a1",
        "sha256:e901964262a56d9ea3c2693df68bc9860b8bdda2b04768821e4c44ae797de117",
        "sha256:ec29604081f10f16a7aea809ad42e27764188fc258b02259a03a8ff7ded3808d",
        "sha256:edf31f1150778abd4322444c393ab9c7bd2af271dd4dafb4208fb613b1f3cdc9",
        "sha256:f7e30c27477dffc3e85c2463b3e649f751789e0f6c8456099eea7ddd53be4a8a",
        "sha256:ffe538682dc19cc542ae7c3e504fdf54ca7f86fb8a135e59dd6bc8627eae6cce"
      ],
      "markers": "python_version >= '3.5'",
      "version": "==7.2.0"
    },
    "psycopg2-binary": {
      "hashes": [
        "sha256:0deac2af1a587ae12836aa07970f5cb91964f05a7c6cdb69d8425ff4c15d4e2c",
        "sha256:0e4dc3d5996760104746e6cfcdb519d9d2cd27c738296525d5867ea695774e67",
        "sha256:11b9c0ebce097180129e422379b824ae21c8f2a6596b159c7659e2e5a00e1aa0",
        "sha256:1fabed9ea2acc4efe4671b92c669a213db744d2af8a9fc5d69a8e9bc14b7a9db",
        "sha256:2dac98e85565d5688e8ab7bdea5446674a83a3945a8f416ad0110018d1501b94",
        "sha256:42ec1035841b389e8cc3692277a0bd81cdfe0b65d575a2c8862cec7a80e62e52",
        "sha256:6a32f3a4cb2f6e1a0b15215f448e8ce2da192fd4ff35084d80d5e39da683e79b",
        "sha256:7312e931b90fe14f925729cde58022f5d034241918a5c4f9797cac62f6b3a9dd",
        "sha256:7d92a09b788cbb1aec325af5fcba9fed7203897bbd9269d5691bb1e3bce29550",
        "sha256:833709a5c66ca52f1d21d41865a637223b368c0ee76ea54ca5bad6f2526c7679",
        "sha256:8cd0fb36c7412996859cb4606a35969dd01f4ea34d9812a141cd920c3b18be77",
        "sha256:950bc22bb56ee6ff142a2cb9ee980b571dd0912b0334aa3fe0fe3788d860bea2",
        "sha256:a0c50db33c32594305b0ef9abc0cb7db13de7621d2cadf8392a1d9b3c437ef77",
        "sha256:a0eb43a07386c3f1f1ebb4dc7aafb13f67188eab896e7397aa1ee95a9c884eb2",
        "sha256:aaa4213c862f0ef00022751161df35804127b78adf4a2755b9f991a507e425fd",
        "sha256:ac0c682111fbf404525dfc0f18a8b5f11be52657d4f96e9fcb75daf4f3984859",
        "sha256:ad20d2eb875aaa1ea6d0f2916949f5c08a19c74d05b16ce6ebf6d24f2c9f75d1",
        "sha256:b4afc542c0ac0db720cf516dd20c0846f71c248d2b3d21013aa0d4ef9c71ca25",
        "sha256:b8a3715b3c4e604bcc94c90a825cd7f5635417453b253499664f784fc4da0152",
        "sha256:ba28584e6bca48c59eecbf7efb1576ca214b47f05194646b081717fa628dfddf",
        "sha256:ba381aec3a5dc29634f20692349d73f2d21f17653bda1decf0b52b11d694541f",
        "sha256:bd1be66dde2b82f80afb9459fc618216753f67109b859a361cf7def5c7968729",
        "sha256:c2507d796fca339c8fb03216364cca68d87e037c1f774977c8fc377627d01c71",
        "sha256:cec7e622ebc545dbb4564e483dd20e4e404da17ae07e06f3e780b2dacd5cee66",
        "sha256:d14b140a4439d816e3b1229a4a525df917d6ea22a0771a2a78332273fd9528a4",
        "sha256:d1b4ab59e02d9008efe10ceabd0b31e79519da6fb67f7d8e8977118832d0f449",
        "sha256:d5227b229005a696cc67676e24c214740efd90b148de5733419ac9aaba3773da",
        "sha256:e1f57aa70d3f7cc6947fd88636a481638263ba04a742b4a37dd25c373e41491a",
        "sha256:e74a55f6bad0e7d3968399deb50f61f4db1926acf4a6d83beaaa7df986f48b1c",
        "sha256:e82aba2188b9ba309fd8e271702bd0d0fc9148ae3150532bbb474f4590039ffb",
        "sha256:ee69dad2c7155756ad114c02db06002f4cded41132cc51378e57aad79cc8e4f4",
        "sha256:f5ab93a2cb2d8338b1674be43b442a7f544a0971da062a5da774ed40587f18f5"
      ],
      "index": "pypi",
      "version": "==2.8.6"
    },
    "pycountry": {
      "hashes": [
        "sha256:81084a53d3454344c0292deebc20fcd0a1488c136d4900312cbd465cf552cb42"
      ],
      "index": "pypi",
      "version": "==20.7.3"
    },
    "pylint": {
      "hashes": [
        "sha256:5d77031694a5fb97ea95e828c8d10fc770a1df6eb3906067aaed42201a8a6a09",
        "sha256:723e3db49555abaf9bf79dc474c6b9e2935ad82230b10c1138a71ea41ac0fff1"
      ],
      "index": "pypi",
      "version": "==2.3.1"
    },
    "pypdf": {
      "hashes": [
        "sha256:3aede4c3c9c6ad07c98f059f90db0b09ed383f7c791c46100f649e1cabda0e3b"
      ],
      "index": "pypi",
      "version": "==1.13"
    },
    "pypdf2": {
      "hashes": [
        "sha256:e28f902f2f0a1603ea95ebe21dff311ef09be3d0f0ef29a3e44a932729564385"
      ],
      "index": "pypi",
      "version": "==1.26.0"
    },
    "pypiwin32": {
      "hashes": [
        "sha256:67adf399debc1d5d14dffc1ab5acacb800da569754fafdc576b2a039485aa775",
        "sha256:71be40c1fbd28594214ecaecb58e7aa8b708eabfa0125c8a109ebd51edbd776a"
      ],
      "version": "==223"
    },
    "python-dateutil": {
      "hashes": [
        "sha256:7e6584c74aeed623791615e26efd690f29817a27c73085b78e4bad02493df2fb",
        "sha256:c89805f6f4d64db21ed966fda138f8a5ed7a4fdbc1a8ee329ce1b74e3c74da9e"
      ],
      "markers": "python_version >= '2.7' and python_version not in '3.0, 3.1, 3.2, 3.3'",
      "version": "==2.8.0"
    },
    "python-decouple": {
      "hashes": [
        "sha256:55c546b85b0c47a15a47a4312d451a437f7344a9be3e001660bccd93b637de95"
      ],
      "index": "pypi",
      "version": "==3.3"
    },
    "pytz": {
      "hashes": [
        "sha256:a494d53b6d39c3c6e44c3bec237336e14305e4f29bbf800b599253057fbb79ed",
        "sha256:c35965d010ce31b23eeb663ed3cc8c906275d6be1a34393a1d73a41febf4a048"
      ],
      "version": "==2020.1"
    },
    "pyyaml": {
      "hashes": [
        "sha256:06a0d7ba600ce0b2d2fe2e78453a470b5a6e000a985dd4a4e54e436cc36b0e97",
        "sha256:240097ff019d7c70a4922b6869d8a86407758333f02203e0fc6ff79c5dcede76",
        "sha256:4f4b913ca1a7319b33cfb1369e91e50354d6f07a135f3b901aca02aa95940bd2",
        "sha256:69f00dca373f240f842b2931fb2c7e14ddbacd1397d57157a9b005a6a9942648",
        "sha256:73f099454b799e05e5ab51423c7bcf361c58d3206fa7b0d555426b1f4d9a3eaf",
        "sha256:74809a57b329d6cc0fdccee6318f44b9b8649961fa73144a98735b0aaf029f1f",
        "sha256:7739fc0fa8205b3ee8808aea45e968bc90082c10aef6ea95e855e10abf4a37b2",
        "sha256:95f71d2af0ff4227885f7a6605c37fd53d3a106fcab511b8860ecca9fcf400ee",
        "sha256:b8eac752c5e14d3eca0e6dd9199cd627518cb5ec06add0de9d32baeee6fe645d",
        "sha256:cc8955cfbfc7a115fa81d85284ee61147059a753344bc51098f3ccd69b0d7e0c",
        "sha256:d13155f591e6fcc1ec3b30685d50bf0711574e2c0dfffd7644babf8b5102ca1a"
      ],
      "version": "==5.3.1"
    },
    "reportlab": {
      "hashes": [
        "sha256:02df8b78dbc5e9d2bef0778277875c78012e22b80603c21e7212b75952bd0482",
        "sha256:0adf5a76c76f29a94d38f8a73bcf41e479f4916bc4a63c30a080ff3e19508eec",
        "sha256:0db6cf89b9aace90d5744b0deac6a1ece16607e2a8094069292714bef2ae087f",
        "sha256:0e839577cbc8d5830525f9b629861c26b058535477c55024f27ecea103ac0225",
        "sha256:15ed5b4bd969115082916f205cc8302c1f5f9888bba3055bac0572d667824357",
        "sha256:16057a0b99fe2bd5a73955ed39f17a6dac84fb671406ed60a29d0a2dbc3cac1a",
        "sha256:1d9a965c952f10c0244b44d9cdcbf50a711bdc166571c262e8f9f5762b797194",
        "sha256:1f298dca79132f53992d1dfa2f91a72bbb7459eae0b0d8ac75136b7a6ae5a285",
        "sha256:2c9df51d63ef60248c8cbfe2a006b2c1212e79bf12717d981f0f79ec05632ffd",
        "sha256:321675051212b59b8d238af21d5c9cd6d238e09954460b071baad17d1ccb5d41",
        "sha256:3f1108be8b7ae2ed209d816a2c4505f2f8eda5330abed513fb26ad6f4a986713",
        "sha256:4023750bdc2f941e7a2fe5312c60c55af3aad57d30188acaaf25d343f76bb08c",
        "sha256:42d5ef781b193375d1c4d15ab5a283ed8eeb37ff9d86d64de1e8a1419938d357",
        "sha256:4613a7920f52ed0b0a9a9eae506427c24cc99eb9d8f9f74e80147577adfc7efc",
        "sha256:52cc245c23951d85ebc8dedb20a676e5cebe6ef748a5105fbe36123c40d544d4",
        "sha256:5461d0b12003b03a37d0e15f54987f27f6caeae72cb88b2d401689d89719a399",
        "sha256:5d593977625a07af9a05574e884f86cc3b6163b3287bd5590c366e9fdbc32978",
        "sha256:641a3ac208ab18e064d3a3edb5974516e4d58520aa287954076ab5de09e29b32",
        "sha256:78038a837889860b7cded6523d909165a635afc56257c8577facbb8d06be8c69",
        "sha256:81404628753b441e2fae7a85dafb5c055da813f28f64cbd80b26d52600eac9dc",
        "sha256:876ce59164245f62bf67b8502e127b0a3ffd40f37c7177d1b4d9da24e42a77b0",
        "sha256:8e7d66dfe14f5c82364c7af9bf2569f714b37e5a5d9837fece4b9ff5e4b5f085",
        "sha256:8eeac2011c445a7a3888462b83913c5ca89511856377ec79b5260bc0ef63f44d",
        "sha256:9fcf3fedb0af9690533ff437eea8483a145e4242e5d36537240f9c430e2be66e",
        "sha256:a296c609bc32a8c25dbbd491393273675fb9b27c5b4e00c868c6b8411aeaacb2",
        "sha256:b58f84d6bfc2c2be2cf5fb1971b1e2533078a659508fc2d7b35ea15137d64c1c",
        "sha256:b9138dc27435efd4928c42740eae1be4899c48a9a585f3cd6e602b2291f4ac17",
        "sha256:c02fad5b9938d228915bab7d1300421911d930dd1ca7dd1349cbf28d1b39e082",
        "sha256:cfa386c5c0e0bff2488d1fc78cb94b546a0cab65f166ddd70dcd2622d484ad64",
        "sha256:d99f31f04365a2c99bb8ca5bf85cfc0491c1f09185acefce80332ee6ec803ccb",
        "sha256:de7a872f77a468622396828afbbdbdadd330b08cbf517727ca97f0d0f9d87938",
        "sha256:e80fa6e7d4be9f5c63c777d19c57eb9c7061a881b504b404e5f9d604c52a759c",
        "sha256:eba9d00fca1bca91c65fa4ac417bb9caea4a04c74b2d2fb0fd493af75ebfcf81",
        "sha256:ed11d3571f480fd3f7ef04a8eab078f949ad34c0321d4d0fb5576f930b06ef54",
        "sha256:ef23e8a0322c6d9b61ef4ff7bfdc3be9ec4f9f1a60c8bce4d403b114b1397cdf",
        "sha256:f15a66d766df4d093604717ce44c358de3772828bc39f83d5c7c5bd0fc57cb56",
        "sha256:f663883efa150c96d2bbc3d38f6308aee70c6ecd1465fa3eb85362391f54ed6e",
        "sha256:f7bbf2fc0924802d2d684d0057a8a33d80028d1a7d89e3cea5c4071ad3bef4ba",
        "sha256:fc6de2ba9b871c57a2fbf06f6426240ebd6b5dd1be213e057fa0dd8397b9f4c3",
        "sha256:fc8a06f3fd95672fc695e62285e5de90d51fa16b0d43199344c4d4030666f473"
      ],
      "index": "pypi",
      "version": "==3.5.50"
    },
    "requests": {
      "hashes": [
        "sha256:65b3a120e4329e33c9889db89c80976c5272f56ea92d3e74da8a463992e3ff54",
        "sha256:ea881206e59f41dbd0bd445437d792e43906703fff75ca8ff43ccdb11f33f263"
      ],
      "markers": "python_version >= '2.7' and python_version not in '3.0, 3.1, 3.2, 3.3'",
      "version": "==2.20.1"
    },
    "semantic-version": {
      "hashes": [
        "sha256:3baad35dcb074a49419539cea6a33b484706b6c2dd03f05b67763eba4c1bb65c",
        "sha256:75aa594dc3c8000102a35b92e0e21db7b88e083bcb95d0499dea8494b549c3f2"
      ],
      "version": "==2.5.0"
    },
    "six": {
      "hashes": [
        "sha256:70e8a77beed4562e7f14fe23a786b54f6296e34344c23bc42f07b15018ff98e9",
        "sha256:832dc0e10feb1aa2c68dcc57dbb658f1c7e65b9b61af69048abc87a2db00a0eb"
      ],
      "version": "==1.11.0"
    },
    "sqlparse": {
      "hashes": [
        "sha256:022fb9c87b524d1f7862b3037e541f68597a730a8843245c349fc93e1643dc4e",
        "sha256:e162203737712307dfe78860cc56c8da8a852ab2ee33750e33aeadf38d12c548"
      ],
      "markers": "python_version >= '2.7' and python_version not in '3.0, 3.1, 3.2, 3.3'",
      "version": "==0.3.1"
    },
    "svglib": {
      "hashes": [
        "sha256:ff01593e8c07ea462d3742e1f4141bfa261cbd4400ceb25dfb8fec3508ad0e50"
      ],
      "index": "pypi",
      "version": "==1.0.1"
    },
    "termcolor": {
      "hashes": [
        "sha256:1d6d69ce66211143803fbc56652b41d73b4a400a2891d7bf7a1cdf4c02de613b"
      ],
      "version": "==1.1.0"
    },
    "tinycss2": {
      "hashes": [
        "sha256:6427d0e3faa0a5e0e8c9f6437e2de26148a7a197a8b0992789f23d9a802788cf",
        "sha256:9fdacc0e22d344ddd2ca053837c133900fe820ae1222f63b79617490a498507a"
      ],
      "markers": "python_version >= '3.5'",
      "version": "==1.0.2"
    },
    "typed-ast": {
      "hashes": [
        "sha256:0666aa36131496aed8f7be0410ff974562ab7eeac11ef351def9ea6fa28f6355",
        "sha256:0c2c07682d61a629b68433afb159376e24e5b2fd4641d35424e462169c0a7919",
        "sha256:249862707802d40f7f29f6e1aad8d84b5aa9e44552d2cc17384b209f091276aa",
        "sha256:24995c843eb0ad11a4527b026b4dde3da70e1f2d8806c99b7b4a7cf491612652",
        "sha256:269151951236b0f9a6f04015a9004084a5ab0d5f19b57de779f908621e7d8b75",
        "sha256:4083861b0aa07990b619bd7ddc365eb7fa4b817e99cf5f8d9cf21a42780f6e01",
        "sha256:498b0f36cc7054c1fead3d7fc59d2150f4d5c6c56ba7fb150c013fbc683a8d2d",
        "sha256:4e3e5da80ccbebfff202a67bf900d081906c358ccc3d5e3c8aea42fdfdfd51c1",
        "sha256:6daac9731f172c2a22ade6ed0c00197ee7cc1221aa84cfdf9c31defeb059a907",
        "sha256:715ff2f2df46121071622063fc7543d9b1fd19ebfc4f5c8895af64a77a8c852c",
        "sha256:73d785a950fc82dd2a25897d525d003f6378d1cb23ab305578394694202a58c3",
        "sha256:8c8aaad94455178e3187ab22c8b01a3837f8ee50e09cf31f1ba129eb293ec30b",
        "sha256:8ce678dbaf790dbdb3eba24056d5364fb45944f33553dd5869b7580cdbb83614",
        "sha256:aaee9905aee35ba5905cfb3c62f3e83b3bec7b39413f0a7f19be4e547ea01ebb",
        "sha256:bcd3b13b56ea479b3650b82cabd6b5343a625b0ced5429e4ccad28a8973f301b",
        "sha256:c9e348e02e4d2b4a8b2eedb48210430658df6951fa484e59de33ff773fbd4b41",
        "sha256:d205b1b46085271b4e15f670058ce182bd1199e56b317bf2ec004b6a44f911f6",
        "sha256:d43943ef777f9a1c42bf4e552ba23ac77a6351de620aa9acf64ad54933ad4d34",
        "sha256:d5d33e9e7af3b34a40dc05f498939f0ebf187f07c385fd58d591c533ad8562fe",
        "sha256:fc0fea399acb12edbf8a628ba8d2312f583bdbdb3335635db062fa98cf71fca4",
        "sha256:fe460b922ec15dd205595c9b5b99e2f056fd98ae8f9f56b888e7a17dc2b757e7"
      ],
      "markers": "implementation_name == 'cpython'",
      "version": "==1.4.1"
    },
    "urllib3": {
      "hashes": [
        "sha256:2393a695cd12afedd0dcb26fe5d50d0cf248e5a66f75dbd89a3d4eb333a61af4",
        "sha256:a637e5fae88995b256e3409dc4d52c2e2e0ba32c42a6365fee8bbd2238de3cfb"
      ],
      "markers": "python_version != '3.4'",
      "version": "==1.24.3"
    },
    "wcwidth": {
      "hashes": [
        "sha256:cafe2186b3c009a04067022ce1dcd79cb38d8d65ee4f4791b8888d6599d1bbe1",
        "sha256:ee73862862a156bf77ff92b09034fc4825dd3af9cf81bc5b360668d425f3c5f1"
      ],
      "version": "==0.1.9"
    },
    "webencodings": {
      "hashes": [
        "sha256:a0af1213f3c2226497a97e2b3aa01a7e4bee4f403f95be16fc9acd2947514a78",
        "sha256:b36a1c245f2d304965eb4e0a82848379241dc04b865afcc4aab16748587e1923"
      ],
      "version": "==0.5.1"
    },
    "whitenoise": {
      "hashes": [
        "sha256:05ce0be39ad85740a78750c86a93485c40f08ad8c62a6006de0233765996e5c7",
        "sha256:05d00198c777028d72d8b0bbd234db605ef6d60e9410125124002518a48e515d"
      ],
      "index": "pypi",
      "version": "==5.2.0"
    },
    "wrapt": {
      "hashes": [
        "sha256:b62ffa81fb85f4332a4f609cab4ac40709470da05643a082ec1eb88e6d9b97d7"
      ],
      "version": "==1.12.1"
    }
  },
  "develop": {
    "autopep8": {
      "hashes": [
        "sha256:d21d3901cb0da6ebd1e83fc9b0dfbde8b46afc2ede4fe32fbda0c7c6118ca094"
      ],
      "index": "pypi",
      "version": "==1.5.4"
    },
    "pycodestyle": {
      "hashes": [
        "sha256:2295e7b2f6b5bd100585ebcb1f616591b652db8a741695b3d8f5d28bdc934367",
        "sha256:c58a7d2815e0e8d7972bf1803331fb0152f867bd89adf8a01dfd55085434192e"
      ],
      "markers": "python_version >= '2.7' and python_version not in '3.0, 3.1, 3.2, 3.3'",
      "version": "==2.6.0"
    },
    "toml": {
      "hashes": [
        "sha256:926b612be1e5ce0634a2ca03470f95169cf16f939018233a670519cb4ac58b0f",
        "sha256:bda89d5935c2eac546d648028b9901107a595863cb36bae0c73ac804a9b4ce88"
      ],
      "version": "==0.10.1"
    }
  }
}
